// !$*UTF8*$!
{
	archiveVersion = 1;
	classes = {
	};
	objectVersion = 56;
	objects = {

/* Begin PBXBuildFile section */
		7C2FEB8C30005CA10007DCD3 /* MenubarController.swift in Sources */ = {isa = PBXBuildFile; fileRef = 7C2FEB8B30005CA10007DCD3 /* MenubarController.swift */; };
		7C30DD7330083E0C00EAE2DC /* AlertWindowController.swift in Sources */ = {isa = PBXBuildFile; fileRef = 7C30DD7230083E0C00EAE2DC /* AlertWindowController.swift */; };
		7C30DD753008407400EAE2DC /* SettingsView.swift in Sources */ = {isa = PBXBuildFile; fileRef = 7C30DD743008407400EAE2DC /* SettingsView.swift */; };
		7C37100A300DB40E00A08667 /* YouTubeScreenTimeApp.swift in Sources */ = {isa = PBXBuildFile; fileRef = 7C371008300DB40E00A08667 /* YouTubeScreenTimeApp.swift */; };
		7C88E1A72FF9DDA4003799E4 /* Assets.xcassets in Resources */ = {isa = PBXBuildFile; fileRef = 7C88E1A62FF9DDA4003799E4 /* Assets.xcassets */; };
		7C88E1AA2FF9DDA4003799E4 /* Preview Assets.xcassets in Resources */ = {isa = PBXBuildFile; fileRef = 7C88E1A92FF9DDA4003799E4 /* Preview Assets.xcassets */; };
		7C88E1B22FF9E012003799E4 /* AppState.swift in Sources */ = {isa = PBXBuildFile; fileRef = 7C88E1B12FF9E012003799E4 /* AppState.swift */; };
		7CCE69B92FFE448600313717 /* TrackingEngine.swift in Sources */ = {isa = PBXBuildFile; fileRef = 7CCE69B82FFE448600313717 /* TrackingEngine.swift */; };
		7CE421623010C5A9005A74B1 /* main.swift in Sources */ = {isa = PBXBuildFile; fileRef = 7CE421613010C5A9005A74B1 /* main.swift */; };
		7CF0000000000000000000A2 /* Secrets.swift in Sources */ = {isa = PBXBuildFile; fileRef = 7CF0000000000000000000A1 /* Secrets.swift */; };
/* End PBXBuildFile section */

/* Begin PBXFileReference section */
		7C2FEB8B30005CA10007DCD3 /* MenubarController.swift */ = {isa = PBXFileReference; lastKnownFileType = sourcecode.swift; path = MenubarController.swift; sourceTree = "<group>"; };
		7C30DD7230083E0C00EAE2DC /* AlertWindowController.swift */ = {isa = PBXFileReference; lastKnownFileType = sourcecode.swift; path = AlertWindowController.swift; sourceTree = "<group>"; };
		7C30DD743008407400EAE2DC /* SettingsView.swift */ = {isa = PBXFileReference; lastKnownFileType = sourcecode.swift; path = SettingsView.swift; sourceTree = "<group>"; };
		7C371008300DB40E00A08667 /* YouTubeScreenTimeApp.swift */ = {isa = PBXFileReference; fileEncoding = 4; lastKnownFileType = sourcecode.swift; path = YouTubeScreenTimeApp.swift; sourceTree = "<group>"; };
		7C37100B300DD36C00A08667 /* Info.plist */ = {isa = PBXFileReference; lastKnownFileType = text.plist; path = Info.plist; sourceTree = "<group>"; };
		7C88E19F2FF9DDA2003799E4 /* youbutescreentime.app */ = {isa = PBXFileReference; explicitFileType = wrapper.application; includeInIndex = 0; path = youbutescreentime.app; sourceTree = BUILT_PRODUCTS_DIR; };
		7C88E1A62FF9DDA4003799E4 /* Assets.xcassets */ = {isa = PBXFileReference; lastKnownFileType = folder.assetcatalog; path = Assets.xcassets; sourceTree = "<group>"; };
		7C88E1A92FF9DDA4003799E4 /* Preview Assets.xcassets */ = {isa = PBXFileReference; lastKnownFileType = folder.assetcatalog; path = "Preview Assets.xcassets"; sourceTree = "<group>"; };
		7C88E1AB2FF9DDA4003799E4 /* youbutescreentime.entitlements */ = {isa = PBXFileReference; lastKnownFileType = text.plist.entitlements; path = youbutescreentime.entitlements; sourceTree = "<group>"; };
		7C88E1B12FF9E012003799E4 /* AppState.swift */ = {isa = PBXFileReference; lastKnownFileType = sourcecode.swift; path = AppState.swift; sourceTree = "<group>"; };
		7CCE69B82FFE448600313717 /* TrackingEngine.swift */ = {isa = PBXFileReference; lastKnownFileType = sourcecode.swift; path = TrackingEngine.swift; sourceTree = "<group>"; };
		7CE421613010C5A9005A74B1 /* main.swift */ = {isa = PBXFileReference; fileEncoding = 4; lastKnownFileType = sourcecode.swift; path = main.swift; sourceTree = "<group>"; };
		7CF0000000000000000000A1 /* Secrets.swift */ = {isa = PBXFileReference; lastKnownFileType = sourcecode.swift; path = Secrets.swift; sourceTree = "<group>"; };
/* End PBXFileReference section */

/* Begin PBXFrameworksBuildPhase section */
		7C88E19C2FF9DDA2003799E4 /* Frameworks */ = {
			isa = PBXFrameworksBuildPhase;
			buildActionMask = 2147483647;
			files = (
			);
			runOnlyForDeploymentPostprocessing = 0;
		};
/* End PBXFrameworksBuildPhase section */

/* Begin PBXGroup section */
		7C88E1962FF9DDA2003799E4 = {
			isa = PBXGroup;
			children = (
				7CE421613010C5A9005A74B1 /* main.swift */,
				7CF0000000000000000000A1 /* Secrets.swift */,
				7C88E1B12FF9E012003799E4 /* AppState.swift */,
				7C371008300DB40E00A08667 /* YouTubeScreenTimeApp.swift */,
				7CCE69B82FFE448600313717 /* TrackingEngine.swift */,
				7C2FEB8B30005CA10007DCD3 /* MenubarController.swift */,
				7C30DD7230083E0C00EAE2DC /* AlertWindowController.swift */,
				7C30DD743008407400EAE2DC /* SettingsView.swift */,
				7C88E1A12FF9DDA2003799E4 /* youbutescreentime */,
				7C88E1A02FF9DDA2003799E4 /* Products */,
			);
			sourceTree = "<group>";
		};
		7C88E1A02FF9DDA2003799E4 /* Products */ = {
			isa = PBXGroup;
			children = (
				7C88E19F2FF9DDA2003799E4 /* youbutescreentime.app */,
			);
			name = Products;
			sourceTree = "<group>";
		};
		7C88E1A12FF9DDA2003799E4 /* youbutescreentime */ = {
			isa = PBXGroup;
			children = (
				7C37100B300DD36C00A08667 /* Info.plist */,
				7C88E1A62FF9DDA4003799E4 /* Assets.xcassets */,
				7C88E1AB2FF9DDA4003799E4 /* youbutescreentime.entitlements */,
				7C88E1A82FF9DDA4003799E4 /* Preview Content */,
			);
			path = youbutescreentime;
			sourceTree = "<group>";
		};
		7C88E1A82FF9DDA4003799E4 /* Preview Content */ = {
			isa = PBXGroup;
			children = (
				7C88E1A92FF9DDA4003799E4 /* Preview Assets.xcassets */,
			);
			path = "Preview Content";
			sourceTree = "<group>";
		};
/* End PBXGroup section */

/* Begin PBXNativeTarget section */
		7C88E19E2FF9DDA2003799E4 /* youbutescreentime */ = {
			isa = PBXNativeTarget;
			buildConfigurationList = 7C88E1AE2FF9DDA4003799E4 /* Build configuration list for PBXNativeTarget "youbutescreentime" */;
			buildPhases = (
				7C88E19B2FF9DDA2003799E4 /* Sources */,
				7C88E19C2FF9DDA2003799E4 /* Frameworks */,
				7C88E19D2FF9DDA2003799E4 /* Resources */,
			);
			buildRules = (
			);
			dependencies = (
			);
			name = youbutescreentime;
			productName = youbutescreentime;
			productReference = 7C88E19F2FF9DDA2003799E4 /* youbutescreentime.app */;
			productType = "com.apple.product-type.application";
		};
/* End PBXNativeTarget section */

/* Begin PBXProject section */
		7C88E1972FF9DDA2003799E4 /* Project object */ = {
			isa = PBXProject;
			attributes = {
				BuildIndependentTargetsInParallel = 1;
				LastSwiftUpdateCheck = 1540;
				LastUpgradeCheck = 1540;
				TargetAttributes = {
					7C88E19E2FF9DDA2003799E4 = {
						CreatedOnToolsVersion = 15.4;
					};
				};
			};
			buildConfigurationList = 7C88E19A2FF9DDA2003799E4 /* Build configuration list for PBXProject "youbutescreentime" */;
			compatibilityVersion = "Xcode 14.0";
			developmentRegion = en;
			hasScannedForEncodings = 0;
			knownRegions = (
				en,
				Base,
			);
			mainGroup = 7C88E1962FF9DDA2003799E4;
			productRefGroup = 7C88E1A02FF9DDA2003799E4 /* Products */;
			projectDirPath = "";
			projectRoot = "";
			targets = (
				7C88E19E2FF9DDA2003799E4 /* youbutescreentime */,
			);
		};
/* End PBXProject section */

/* Begin PBXResourcesBuildPhase section */
		7C88E19D2FF9DDA2003799E4 /* Resources */ = {
			isa = PBXResourcesBuildPhase;
			buildActionMask = 2147483647;
			files = (
				7C88E1AA2FF9DDA4003799E4 /* Preview Assets.xcassets in Resources */,
				7C88E1A72FF9DDA4003799E4 /* Assets.xcassets in Resources */,
			);
			runOnlyForDeploymentPostprocessing = 0;
		};
/* End PBXResourcesBuildPhase section */

/* Begin PBXSourcesBuildPhase section */
		7C88E19B2FF9DDA2003799E4 /* Sources */ = {
			isa = PBXSourcesBuildPhase;
			buildActionMask = 2147483647;
			files = (
				7C30DD753008407400EAE2DC /* SettingsView.swift in Sources */,
				7CE421623010C5A9005A74B1 /* main.swift in Sources */,
				7CF0000000000000000000A2 /* Secrets.swift in Sources */,
				7C2FEB8C30005CA10007DCD3 /* MenubarController.swift in Sources */,
				7CCE69B92FFE448600313717 /* TrackingEngine.swift in Sources */,
				7C88E1B22FF9E012003799E4 /* AppState.swift in Sources */,
				7C30DD7330083E0C00EAE2DC /* AlertWindowController.swift in Sources */,
				7C37100A300DB40E00A08667 /* YouTubeScreenTimeApp.swift in Sources */,
			);
			runOnlyForDeploymentPostprocessing = 0;
		};
/* End PBXSourcesBuildPhase section */

/* Begin XCBuildConfiguration section */
		7C88E1AC2FF9DDA4003799E4 /* Debug */ = {
			isa = XCBuildConfiguration;
			buildSettings = {
				ALWAYS_SEARCH_USER_PATHS = NO;
				ASSETCATALOG_COMPILER_GENERATE_SWIFT_ASSET_SYMBOL_EXTENSIONS = YES;
				CLANG_ANALYZER_NONNULL = YES;
				CLANG_ANALYZER_NUMBER_OBJECT_CONVERSION = YES_AGGRESSIVE;
				CLANG_CXX_LANGUAGE_STANDARD = "gnu++20";
				CLANG_ENABLE_MODULES = YES;
				CLANG_ENABLE_OBJC_ARC = YES;
				CLANG_ENABLE_OBJC_WEAK = YES;
				CLANG_WARN_BLOCK_CAPTURE_AUTORELEASING = YES;
				CLANG_WARN_BOOL_CONVERSION = YES;
				CLANG_WARN_COMMA = YES;
				CLANG_WARN_CONSTANT_CONVERSION = YES;
				CLANG_WARN_DEPRECATED_OBJC_IMPLEMENTATIONS = YES;
				CLANG_WARN_DIRECT_OBJC_ISA_USAGE = YES_ERROR;
				CLANG_WARN_DOCUMENTATION_COMMENTS = YES;
				CLANG_WARN_EMPTY_BODY = YES;
				CLANG_WARN_ENUM_CONVERSION = YES;
				CLANG_WARN_INFINITE_RECURSION = YES;
				CLANG_WARN_INT_CONVERSION = YES;
				CLANG_WARN_NON_LITERAL_NULL_CONVERSION = YES;
				CLANG_WARN_OBJC_IMPLICIT_RETAIN_SELF = YES;
				CLANG_WARN_OBJC_LITERAL_CONVERSION = YES;
				CLANG_WARN_OBJC_ROOT_CLASS = YES_ERROR;
				CLANG_WARN_QUOTED_INCLUDE_IN_FRAMEWORK_HEADER = YES;
				CLANG_WARN_RANGE_LOOP_ANALYSIS = YES;
				CLANG_WARN_STRICT_PROTOTYPES = YES;
				CLANG_WARN_SUSPICIOUS_MOVE = YES;
				CLANG_WARN_UNGUARDED_AVAILABILITY = YES_AGGRESSIVE;
				CLANG_WARN_UNREACHABLE_CODE = YES;
				CLANG_WARN__DUPLICATE_METHOD_MATCH = YES;
				COPY_PHASE_STRIP = NO;
				DEBUG_INFORMATION_FORMAT = dwarf;
				ENABLE_STRICT_OBJC_MSGSEND = YES;
				ENABLE_TESTABILITY = YES;
				ENABLE_USER_SCRIPT_SANDBOXING = YES;
				GCC_C_LANGUAGE_STANDARD = gnu17;
				GCC_DYNAMIC_NO_PIC = NO;
				GCC_NO_COMMON_BLOCKS = YES;
				GCC_OPTIMIZATION_LEVEL = 0;
				GCC_PREPROCESSOR_DEFINITIONS = (
					"DEBUG=1",
					"$(inherited)",
				);
				GCC_WARN_64_TO_32_BIT_CONVERSION = YES;
				GCC_WARN_ABOUT_RETURN_TYPE = YES_ERROR;
				GCC_WARN_UNDECLARED_SELECTOR = YES;
				GCC_WARN_UNINITIALIZED_AUTOS = YES_AGGRESSIVE;
				GCC_WARN_UNUSED_FUNCTION = YES;
				GCC_WARN_UNUSED_VARIABLE = YES;
				LOCALIZATION_PREFERS_STRING_CATALOGS = YES;
				MACOSX_DEPLOYMENT_TARGET = 14.2;
				MTL_ENABLE_DEBUG_INFO = INCLUDE_SOURCE;
				MTL_FAST_MATH = YES;
				ONLY_ACTIVE_ARCH = YES;
				SDKROOT = macosx;
				SWIFT_ACTIVE_COMPILATION_CONDITIONS = "DEBUG $(inherited)";
				SWIFT_OPTIMIZATION_LEVEL = "-Onone";
			};
			name = Debug;
		};
		7C88E1AD2FF9DDA4003799E4 /* Release */ = {
			isa = XCBuildConfiguration;
			buildSettings = {
				ALWAYS_SEARCH_USER_PATHS = NO;
				ASSETCATALOG_COMPILER_GENERATE_SWIFT_ASSET_SYMBOL_EXTENSIONS = YES;
				CLANG_ANALYZER_NONNULL = YES;
				CLANG_ANALYZER_NUMBER_OBJECT_CONVERSION = YES_AGGRESSIVE;
				CLANG_CXX_LANGUAGE_STANDARD = "gnu++20";
				CLANG_ENABLE_MODULES = YES;
				CLANG_ENABLE_OBJC_ARC = YES;
				CLANG_ENABLE_OBJC_WEAK = YES;
				CLANG_WARN_BLOCK_CAPTURE_AUTORELEASING = YES;
				CLANG_WARN_BOOL_CONVERSION = YES;
				CLANG_WARN_COMMA = YES;
				CLANG_WARN_CONSTANT_CONVERSION = YES;
				CLANG_WARN_DEPRECATED_OBJC_IMPLEMENTATIONS = YES;
				CLANG_WARN_DIRECT_OBJC_ISA_USAGE = YES_ERROR;
				CLANG_WARN_DOCUMENTATION_COMMENTS = YES;
				CLANG_WARN_EMPTY_BODY = YES;
				CLANG_WARN_ENUM_CONVERSION = YES;
				CLANG_WARN_INFINITE_RECURSION = YES;
				CLANG_WARN_INT_CONVERSION = YES;
				CLANG_WARN_NON_LITERAL_NULL_CONVERSION = YES;
				CLANG_WARN_OBJC_IMPLICIT_RETAIN_SELF = YES;
				CLANG_WARN_OBJC_LITERAL_CONVERSION = YES;
				CLANG_WARN_OBJC_ROOT_CLASS = YES_ERROR;
				CLANG_WARN_QUOTED_INCLUDE_IN_FRAMEWORK_HEADER = YES;
				CLANG_WARN_RANGE_LOOP_ANALYSIS = YES;
				CLANG_WARN_STRICT_PROTOTYPES = YES;
				CLANG_WARN_SUSPICIOUS_MOVE = YES;
				CLANG_WARN_UNGUARDED_AVAILABILITY = YES_AGGRESSIVE;
				CLANG_WARN_UNREACHABLE_CODE = YES;
				CLANG_WARN__DUPLICATE_METHOD_MATCH = YES;
				COPY_PHASE_STRIP = NO;
				DEBUG_INFORMATION_FORMAT = "dwarf-with-dsym";
				ENABLE_NS_ASSERTIONS = NO;
				ENABLE_STRICT_OBJC_MSGSEND = YES;
				ENABLE_USER_SCRIPT_SANDBOXING = YES;
				GCC_C_LANGUAGE_STANDARD = gnu17;
				GCC_NO_COMMON_BLOCKS = YES;
				GCC_WARN_64_TO_32_BIT_CONVERSION = YES;
				GCC_WARN_ABOUT_RETURN_TYPE = YES_ERROR;
				GCC_WARN_UNDECLARED_SELECTOR = YES;
				GCC_WARN_UNINITIALIZED_AUTOS = YES_AGGRESSIVE;
				GCC_WARN_UNUSED_FUNCTION = YES;
				GCC_WARN_UNUSED_VARIABLE = YES;
				LOCALIZATION_PREFERS_STRING_CATALOGS = YES;
				MACOSX_DEPLOYMENT_TARGET = 14.2;
				MTL_ENABLE_DEBUG_INFO = NO;
				MTL_FAST_MATH = YES;
				SDKROOT = macosx;
				SWIFT_COMPILATION_MODE = wholemodule;
			};
			name = Release;
		};
		7C88E1AF2FF9DDA4003799E4 /* Debug */ = {
			isa = XCBuildConfiguration;
			buildSettings = {
				ASSETCATALOG_COMPILER_APPICON_NAME = AppIcon;
				ASSETCATALOG_COMPILER_GLOBAL_ACCENT_COLOR_NAME = AccentColor;
				CODE_SIGN_ENTITLEMENTS = youbutescreentime/youbutescreentime.entitlements;
				CODE_SIGN_STYLE = Automatic;
				COMBINE_HIDPI_IMAGES = YES;
				CURRENT_PROJECT_VERSION = 1;
				DEVELOPMENT_ASSET_PATHS = "\"youbutescreentime/Preview Content\"";
				DEVELOPMENT_TEAM = 4T4JYKM39H;
				ENABLE_PREVIEWS = YES;
				GENERATE_INFOPLIST_FILE = YES;
				INFOPLIST_FILE = youbutescreentime/Info.plist;
				INFOPLIST_KEY_CFBundleDisplayName = "";
				INFOPLIST_KEY_LSApplicationCategoryType = "";
				INFOPLIST_KEY_LSUIElement = YES;
				INFOPLIST_KEY_NSAppleEventsUsageDescription = "YouTubeの視聴時間を取得するためにSafariへアクセスします。";
				INFOPLIST_KEY_NSHumanReadableCopyright = "";
				LD_RUNPATH_SEARCH_PATHS = (
					"$(inherited)",
					"@executable_path/../Frameworks",
				);
				MARKETING_VERSION = 1.0;
				PRODUCT_BUNDLE_IDENTIFIER = com.nori.youbutescreentime;
				PRODUCT_NAME = "$(TARGET_NAME)";
				SWIFT_EMIT_LOC_STRINGS = YES;
				SWIFT_VERSION = 5.0;
			};
			name = Debug;
		};
		7C88E1B02FF9DDA4003799E4 /* Release */ = {
			isa = XCBuildConfiguration;
			buildSettings = {
				ASSETCATALOG_COMPILER_APPICON_NAME = AppIcon;
				ASSETCATALOG_COMPILER_GLOBAL_ACCENT_COLOR_NAME = AccentColor;
				CODE_SIGN_ENTITLEMENTS = youbutescreentime/youbutescreentime.entitlements;
				CODE_SIGN_STYLE = Automatic;
				COMBINE_HIDPI_IMAGES = YES;
				CURRENT_PROJECT_VERSION = 1;
				DEVELOPMENT_ASSET_PATHS = "\"youbutescreentime/Preview Content\"";
				DEVELOPMENT_TEAM = 4T4JYKM39H;
				ENABLE_PREVIEWS = YES;
				GENERATE_INFOPLIST_FILE = YES;
				INFOPLIST_FILE = youbutescreentime/Info.plist;
				INFOPLIST_KEY_CFBundleDisplayName = "";
				INFOPLIST_KEY_LSApplicationCategoryType = "";
				INFOPLIST_KEY_LSUIElement = YES;
				INFOPLIST_KEY_NSAppleEventsUsageDescription = "YouTubeの視聴時間を取得するためにSafariへアクセスします。";
				INFOPLIST_KEY_NSHumanReadableCopyright = "";
				LD_RUNPATH_SEARCH_PATHS = (
					"$(inherited)",
					"@executable_path/../Frameworks",
				);
				MARKETING_VERSION = 1.0;
				PRODUCT_BUNDLE_IDENTIFIER = com.nori.youbutescreentime;
				PRODUCT_NAME = "$(TARGET_NAME)";
				SWIFT_EMIT_LOC_STRINGS = YES;
				SWIFT_VERSION = 5.0;
			};
			name = Release;
		};
/* End XCBuildConfiguration section */

/* Begin XCConfigurationList section */
		7C88E19A2FF9DDA2003799E4 /* Build configuration list for PBXProject "youbutescreentime" */ = {
			isa = XCConfigurationList;
			buildConfigurations = (
				7C88E1AC2FF9DDA4003799E4 /* Debug */,
				7C88E1AD2FF9DDA4003799E4 /* Release */,
			);
			defaultConfigurationIsVisible = 0;
			defaultConfigurationName = Release;
		};
		7C88E1AE2FF9DDA4003799E4 /* Build configuration list for PBXNativeTarget "youbutescreentime" */ = {
			isa = XCConfigurationList;
			buildConfigurations = (
				7C88E1AF2FF9DDA4003799E4 /* Debug */,
				7C88E1B02FF9DDA4003799E4 /* Release */,
			);
			defaultConfigurationIsVisible = 0;
			defaultConfigurationName = Release;
		};
/* End XCConfigurationList section */
	};
	rootObject = 7C88E1972FF9DDA2003799E4 /* Project object */;
}
